
Microsoft Visual Studio Solution File, Format Version 12.00
# Visual Studio Version 17
VisualStudioVersion = 17.3.32811.315
MinimumVisualStudioVersion = 10.0.40219.1
Project("{FAE04EC0-301F-11D3-BF4B-00C04F79EFBC}") = "MathLibrary", "MathLibrary\MathLibrary.csproj", "{35B5314F-DDEA-44FC-B96D-83EB3147542F}"
EndProject
Project("{FAE04EC0-301F-11D3-BF4B-00C04F79EFBC}") = "MathLibraryTests", "MathLibraryTests\MathLibraryTests.csproj", "{0EA3795A-8EA2-4BC6-9C97-0BCD6C588CCF}"
EndProject
Global
	GlobalSection(SolutionConfigurationPlatforms) = preSolution
		Debug|Any CPU = Debug|Any CPU
		Release|Any CPU = Release|Any CPU
	EndGlobalSection
	GlobalSection(ProjectConfigurationPlatforms) = postSolution
		{35B5314F-DDEA-44FC-B96D-83EB3147542F}.Debug|Any CPU.ActiveCfg = Debug|Any CPU
		{35B5314F-DDEA-44FC-B96D-83EB3147542F}.Debug|Any CPU.Build.0 = Debug|Any CPU
		{35B5314F-DDEA-44FC-B96D-83EB3147542F}.Release|Any CPU.ActiveCfg = Release|Any CPU
		{35B5314F-DDEA-44FC-B96D-83EB3147542F}.Release|Any CPU.Build.0 = Release|Any CPU
		{0EA3795A-8EA2-4BC6-9C97-0BCD6C588CCF}.Debug|Any CPU.ActiveCfg = Debug|Any CPU
		{0EA3795A-8EA2-4BC6-9C97-0BCD6C588CCF}.Debug|Any CPU.Build.0 = Debug|Any CPU
		{0EA3795A-8EA2-4BC6-9C97-0BCD6C588CCF}.Release|Any CPU.ActiveCfg = Release|Any CPU
		{0EA3795A-8EA2-4BC6-9C97-0BCD6C588CCF}.Release|Any CPU.Build.0 = Release|Any CPU
	EndGlobalSection
	GlobalSection(SolutionProperties) = preSolution
		HideSolutionNode = FALSE
	EndGlobalSection
	GlobalSection(ExtensibilityGlobals) = postSolution
		SolutionGuid = {2D031DCD-67CD-4A7B-93A4-699BCDDF5FF9}
	EndGlobalSection
EndGlobal
